
Microsoft Visual Studio Solution File, Format Version 12.00
# Visual Studio Version 16
VisualStudioVersion = 16.0.32510.428
MinimumVisualStudioVersion = 10.0.40219.1
Project("{9A19103F-16F7-4668-BE54-9A1E7A4F7556}") = "WebApplication1", "WebApplication1\WebApplication1.csproj", "{1BE1D242-24F5-471D-B3BF-3CDA5A1C2976}"
EndProject
Global
	GlobalSection(SolutionConfigurationPlatforms) = preSolution
		Debug|Any CPU = Debug|Any CPU
		Release|Any CPU = Release|Any CPU
	EndGlobalSection
	GlobalSection(ProjectConfigurationPlatforms) = postSolution
		{1BE1D242-24F5-471D-B3BF-3CDA5A1C2976}.Debug|Any CPU.ActiveCfg = Debug|Any CPU
		{1BE1D242-24F5-471D-B3BF-3CDA5A1C2976}.Debug|Any CPU.Build.0 = Debug|Any CPU
		{1BE1D242-24F5-471D-B3BF-3CDA5A1C2976}.Release|Any CPU.ActiveCfg = Release|Any CPU
		{1BE1D242-24F5-471D-B3BF-3CDA5A1C2976}.Release|Any CPU.Build.0 = Release|Any CPU
	EndGlobalSection
	GlobalSection(SolutionProperties) = preSolution
		HideSolutionNode = FALSE
	EndGlobalSection
	GlobalSection(ExtensibilityGlobals) = postSolution
		SolutionGuid = {C3672E58-930B-4393-A9CB-1F7980CC5147}
	EndGlobalSection
EndGlobal
